
Microsoft Visual Studio Solution File, Format Version 12.00
# Visual Studio Version 17
VisualStudioVersion = 17.0.31903.59
MinimumVisualStudioVersion = 10.0.40219.1
Project("{FAE04EC0-301F-11D3-BF4B-00C04F79EFBC}") = "HelpWithAll.Presentation", "HelpWithAll.Presentation\HelpWithAll.Presentation.csproj", "{7602410C-B51C-452B-9DB2-5C53D0CF4DC9}"
EndProject
Project("{FAE04EC0-301F-11D3-BF4B-00C04F79EFBC}") = "HelpWithAll.Core", "HelpWithAll.Core\HelpWithAll.Core.csproj", "{7AD5245D-908D-4FB8-94D4-62AAFC8CA0F5}"
EndProject
Project("{FAE04EC0-301F-11D3-BF4B-00C04F79EFBC}") = "HelpWithAll.Infrastructure", "HelpWithAll.Infrastructure\HelpWithAll.Infrastructure.csproj", "{99FE36FE-635B-47DA-9CFE-6B7A24E9FFC3}"
EndProject
Global
	GlobalSection(SolutionConfigurationPlatforms) = preSolution
		Debug|Any CPU = Debug|Any CPU
		Release|Any CPU = Release|Any CPU
	EndGlobalSection
	GlobalSection(SolutionProperties) = preSolution
		HideSolutionNode = FALSE
	EndGlobalSection
	GlobalSection(ProjectConfigurationPlatforms) = postSolution
		{7602410C-B51C-452B-9DB2-5C53D0CF4DC9}.Debug|Any CPU.ActiveCfg = Debug|Any CPU
		{7602410C-B51C-452B-9DB2-5C53D0CF4DC9}.Debug|Any CPU.Build.0 = Debug|Any CPU
		{7602410C-B51C-452B-9DB2-5C53D0CF4DC9}.Release|Any CPU.ActiveCfg = Release|Any CPU
		{7602410C-B51C-452B-9DB2-5C53D0CF4DC9}.Release|Any CPU.Build.0 = Release|Any CPU
		{7AD5245D-908D-4FB8-94D4-62AAFC8CA0F5}.Debug|Any CPU.ActiveCfg = Debug|Any CPU
		{7AD5245D-908D-4FB8-94D4-62AAFC8CA0F5}.Debug|Any CPU.Build.0 = Debug|Any CPU
		{7AD5245D-908D-4FB8-94D4-62AAFC8CA0F5}.Release|Any CPU.ActiveCfg = Release|Any CPU
		{7AD5245D-908D-4FB8-94D4-62AAFC8CA0F5}.Release|Any CPU.Build.0 = Release|Any CPU
		{99FE36FE-635B-47DA-9CFE-6B7A24E9FFC3}.Debug|Any CPU.ActiveCfg = Debug|Any CPU
		{99FE36FE-635B-47DA-9CFE-6B7A24E9FFC3}.Debug|Any CPU.Build.0 = Debug|Any CPU
		{99FE36FE-635B-47DA-9CFE-6B7A24E9FFC3}.Release|Any CPU.ActiveCfg = Release|Any CPU
		{99FE36FE-635B-47DA-9CFE-6B7A24E9FFC3}.Release|Any CPU.Build.0 = Release|Any CPU
	EndGlobalSection
EndGlobal
